{
    "_readme": [
        "This file locks the dependencies of your project to a known state",
        "Read more about it at https://getcomposer.org/doc/01-basic-usage.md#installing-dependencies",
        "This file is @generated automatically"
    ],
    "content-hash": "fd5fb135ca930c6779146e59d93cbf9d",
    "packages": [
        {
            "name": "lsmj/phrint",
            "version": "v1.2.0",
            "source": {
                "type": "git",
                "url": "https://github.com/lsmj/phrint.git",
                "reference": "56c3dcff298b7f87bb6460415ccec269087e4903"
            },
            "dist": {
                "type": "zip",
                "url": "https://api.github.com/repos/lsmj/phrint/zipball/56c3dcff298b7f87bb6460415ccec269087e4903",
                "reference": "56c3dcff298b7f87bb6460415ccec269087e4903",
                "shasum": ""
            },
            "require": {
                "php": ">=5.3.0"
            },
            "type": "library",
            "autoload": {
                "psr-4": {
                    "lsmj\\": "src/"
                }
            },
            "notification-url": "https://packagist.org/downloads/",
            "license": [
                "MIT"
            ],
            "authors": [
                {
                    "name": "lsmj",
                    "email": "lyderjanoy@gmail.com",
                    "role": "developer"
                }
            ],
            "description": "PHP state testing functions",
            "keywords": [
                "php"
            ],
            "support": {
                "issues": "https://github.com/lsmj/phrint/issues",
                "source": "https://github.com/lsmj/phrint/tree/v1.2.0"
            },
            "time": "2020-09-11T06:44:42+00:00"
        }
    ],
    "packages-dev": [],
    "aliases": [],
    "minimum-stability": "stable",
    "stability-flags": [],
    "prefer-stable": false,
    "prefer-lowest": false,
    "platform": [],
    "platform-dev": [],
    "plugin-api-version": "2.0.0"
}
